
Microsoft Visual Studio Solution File, Format Version 12.00
# Visual Studio Version 16
VisualStudioVersion = 16.0.28922.388
MinimumVisualStudioVersion = 10.0.40219.1
Project("{FAE04EC0-301F-11D3-BF4B-00C04F79EFBC}") = "Minze Crate", "Minze Crate\Minze Crate.csproj", "{F1D25377-11AA-4BE1-A182-5D3C8BAA2EAC}"
EndProject
Global
	GlobalSection(SolutionConfigurationPlatforms) = preSolution
		Debug|Any CPU = Debug|Any CPU
		Release|Any CPU = Release|Any CPU
	EndGlobalSection
	GlobalSection(ProjectConfigurationPlatforms) = postSolution
		{F1D25377-11AA-4BE1-A182-5D3C8BAA2EAC}.Debug|Any CPU.ActiveCfg = Debug|Any CPU
		{F1D25377-11AA-4BE1-A182-5D3C8BAA2EAC}.Debug|Any CPU.Build.0 = Debug|Any CPU
		{F1D25377-11AA-4BE1-A182-5D3C8BAA2EAC}.Release|Any CPU.ActiveCfg = Release|Any CPU
		{F1D25377-11AA-4BE1-A182-5D3C8BAA2EAC}.Release|Any CPU.Build.0 = Release|Any CPU
	EndGlobalSection
	GlobalSection(SolutionProperties) = preSolution
		HideSolutionNode = FALSE
	EndGlobalSection
	GlobalSection(ExtensibilityGlobals) = postSolution
		SolutionGuid = {9F05E334-847B-4535-B460-9463334688A6}
	EndGlobalSection
EndGlobal
